// !$*UTF8*$!
{
	archiveVersion = 1;
	classes = {
	};
	objectVersion = 46;
	objects = {

/* Begin PBXBuildFile section */
		5203C8B81BA5DCE20085A2FE /* IFMDebugTool.bundle in Resources */ = {isa = PBXBuildFile; fileRef = 5203C8B71BA5DCE20085A2FE /* IFMDebugTool.bundle */; };
		529718E31B9AD43200B8E1F2 /* main.m in Sources */ = {isa = PBXBuildFile; fileRef = 529718E21B9AD43200B8E1F2 /* main.m */; };
		529718E61B9AD43200B8E1F2 /* AppDelegate.m in Sources */ = {isa = PBXBuildFile; fileRef = 529718E51B9AD43200B8E1F2 /* AppDelegate.m */; };
		529718E91B9AD43200B8E1F2 /* ViewController.m in Sources */ = {isa = PBXBuildFile; fileRef = 529718E81B9AD43200B8E1F2 /* ViewController.m */; };
		529718EC1B9AD43200B8E1F2 /* Main.storyboard in Resources */ = {isa = PBXBuildFile; fileRef = 529718EA1B9AD43200B8E1F2 /* Main.storyboard */; };
		529718EE1B9AD43200B8E1F2 /* Images.xcassets in Resources */ = {isa = PBXBuildFile; fileRef = 529718ED1B9AD43200B8E1F2 /* Images.xcassets */; };
		529718F11B9AD43200B8E1F2 /* LaunchScreen.xib in Resources */ = {isa = PBXBuildFile; fileRef = 529718EF1B9AD43200B8E1F2 /* LaunchScreen.xib */; };
		52E81CF71BA34B030032461B /* UIApplication+IFM.m in Sources */ = {isa = PBXBuildFile; fileRef = 52E81CF61BA34B030032461B /* UIApplication+IFM.m */; };
		52FFFC711BA3314100A2AE99 /* IFMDowloadFileResponse.m in Sources */ = {isa = PBXBuildFile; fileRef = 52FFFC671BA3314100A2AE99 /* IFMDowloadFileResponse.m */; };
		52FFFC721BA3314100A2AE99 /* IFMFileListConnection.m in Sources */ = {isa = PBXBuildFile; fileRef = 52FFFC691BA3314100A2AE99 /* IFMFileListConnection.m */; };
		52FFFC731BA3314100A2AE99 /* IFMHTTPConfig.m in Sources */ = {isa = PBXBuildFile; fileRef = 52FFFC6B1BA3314100A2AE99 /* IFMHTTPConfig.m */; };
		52FFFC741BA3314100A2AE99 /* IFMHTTPServer.m in Sources */ = {isa = PBXBuildFile; fileRef = 52FFFC6D1BA3314100A2AE99 /* IFMHTTPServer.m */; };
		52FFFC751BA3314100A2AE99 /* IFMDebugTool.m in Sources */ = {isa = PBXBuildFile; fileRef = 52FFFC6F1BA3314100A2AE99 /* IFMDebugTool.m */; };
		C6B3A5D332A4435A2AC552EA /* libPods.a in Frameworks */ = {isa = PBXBuildFile; fileRef = 88FC9120996E442A1DE21485 /* libPods.a */; };
/* End PBXBuildFile section */

/* Begin PBXFileReference section */
		35D09A22F863F933F8C42436 /* Pods.release.xcconfig */ = {isa = PBXFileReference; includeInIndex = 1; lastKnownFileType = text.xcconfig; name = Pods.release.xcconfig; path = "Pods/Target Support Files/Pods/Pods.release.xcconfig"; sourceTree = "<group>"; };
		5203C8B71BA5DCE20085A2FE /* IFMDebugTool.bundle */ = {isa = PBXFileReference; lastKnownFileType = "wrapper.plug-in"; path = IFMDebugTool.bundle; sourceTree = "<group>"; };
		529718DD1B9AD43200B8E1F2 /* iOSFileManager.app */ = {isa = PBXFileReference; explicitFileType = wrapper.application; includeInIndex = 0; path = iOSFileManager.app; sourceTree = BUILT_PRODUCTS_DIR; };
		529718E11B9AD43200B8E1F2 /* Info.plist */ = {isa = PBXFileReference; lastKnownFileType = text.plist.xml; path = Info.plist; sourceTree = "<group>"; };
		529718E21B9AD43200B8E1F2 /* main.m */ = {isa = PBXFileReference; lastKnownFileType = sourcecode.c.objc; path = main.m; sourceTree = "<group>"; };
		529718E41B9AD43200B8E1F2 /* AppDelegate.h */ = {isa = PBXFileReference; lastKnownFileType = sourcecode.c.h; path = AppDelegate.h; sourceTree = "<group>"; };
		529718E51B9AD43200B8E1F2 /* AppDelegate.m */ = {isa = PBXFileReference; lastKnownFileType = sourcecode.c.objc; path = AppDelegate.m; sourceTree = "<group>"; };
		529718E71B9AD43200B8E1F2 /* ViewController.h */ = {isa = PBXFileReference; lastKnownFileType = sourcecode.c.h; path = ViewController.h; sourceTree = "<group>"; };
		529718E81B9AD43200B8E1F2 /* ViewController.m */ = {isa = PBXFileReference; lastKnownFileType = sourcecode.c.objc; path = ViewController.m; sourceTree = "<group>"; };
		529718EB1B9AD43200B8E1F2 /* Base */ = {isa = PBXFileReference; lastKnownFileType = file.storyboard; name = Base; path = Base.lproj/Main.storyboard; sourceTree = "<group>"; };
		529718ED1B9AD43200B8E1F2 /* Images.xcassets */ = {isa = PBXFileReference; lastKnownFileType = folder.assetcatalog; path = Images.xcassets; sourceTree = "<group>"; };
		529718F01B9AD43200B8E1F2 /* Base */ = {isa = PBXFileReference; lastKnownFileType = file.xib; name = Base; path = Base.lproj/LaunchScreen.xib; sourceTree = "<group>"; };
		52E81CF51BA34B030032461B /* UIApplication+IFM.h */ = {isa = PBXFileReference; fileEncoding = 4; lastKnownFileType = sourcecode.c.h; path = "UIApplication+IFM.h"; sourceTree = "<group>"; };
		52E81CF61BA34B030032461B /* UIApplication+IFM.m */ = {isa = PBXFileReference; fileEncoding = 4; lastKnownFileType = sourcecode.c.objc; path = "UIApplication+IFM.m"; sourceTree = "<group>"; };
		52FFFC661BA3314100A2AE99 /* IFMDowloadFileResponse.h */ = {isa = PBXFileReference; fileEncoding = 4; lastKnownFileType = sourcecode.c.h; path = IFMDowloadFileResponse.h; sourceTree = "<group>"; };
		52FFFC671BA3314100A2AE99 /* IFMDowloadFileResponse.m */ = {isa = PBXFileReference; fileEncoding = 4; lastKnownFileType = sourcecode.c.objc; path = IFMDowloadFileResponse.m; sourceTree = "<group>"; };
		52FFFC681BA3314100A2AE99 /* IFMFileListConnection.h */ = {isa = PBXFileReference; fileEncoding = 4; lastKnownFileType = sourcecode.c.h; path = IFMFileListConnection.h; sourceTree = "<group>"; };
		52FFFC691BA3314100A2AE99 /* IFMFileListConnection.m */ = {isa = PBXFileReference; fileEncoding = 4; lastKnownFileType = sourcecode.c.objc; path = IFMFileListConnection.m; sourceTree = "<group>"; };
		52FFFC6A1BA3314100A2AE99 /* IFMHTTPConfig.h */ = {isa = PBXFileReference; fileEncoding = 4; lastKnownFileType = sourcecode.c.h; path = IFMHTTPConfig.h; sourceTree = "<group>"; };
		52FFFC6B1BA3314100A2AE99 /* IFMHTTPConfig.m */ = {isa = PBXFileReference; fileEncoding = 4; lastKnownFileType = sourcecode.c.objc; path = IFMHTTPConfig.m; sourceTree = "<group>"; };
		52FFFC6C1BA3314100A2AE99 /* IFMHTTPServer.h */ = {isa = PBXFileReference; fileEncoding = 4; lastKnownFileType = sourcecode.c.h; path = IFMHTTPServer.h; sourceTree = "<group>"; };
		52FFFC6D1BA3314100A2AE99 /* IFMHTTPServer.m */ = {isa = PBXFileReference; fileEncoding = 4; lastKnownFileType = sourcecode.c.objc; path = IFMHTTPServer.m; sourceTree = "<group>"; };
		52FFFC6E1BA3314100A2AE99 /* IFMDebugTool.h */ = {isa = PBXFileReference; fileEncoding = 4; lastKnownFileType = sourcecode.c.h; path = IFMDebugTool.h; sourceTree = "<group>"; };
		52FFFC6F1BA3314100A2AE99 /* IFMDebugTool.m */ = {isa = PBXFileReference; fileEncoding = 4; lastKnownFileType = sourcecode.c.objc; path = IFMDebugTool.m; sourceTree = "<group>"; };
		88FC9120996E442A1DE21485 /* libPods.a */ = {isa = PBXFileReference; explicitFileType = archive.ar; includeInIndex = 0; path = libPods.a; sourceTree = BUILT_PRODUCTS_DIR; };
		DEAA4E3FE545F78E95BF8467 /* Pods.debug.xcconfig */ = {isa = PBXFileReference; includeInIndex = 1; lastKnownFileType = text.xcconfig; name = Pods.debug.xcconfig; path = "Pods/Target Support Files/Pods/Pods.debug.xcconfig"; sourceTree = "<group>"; };
/* End PBXFileReference section */

/* Begin PBXFrameworksBuildPhase section */
		529718DA1B9AD43200B8E1F2 /* Frameworks */ = {
			isa = PBXFrameworksBuildPhase;
			buildActionMask = 2147483647;
			files = (
				C6B3A5D332A4435A2AC552EA /* libPods.a in Frameworks */,
			);
			runOnlyForDeploymentPostprocessing = 0;
		};
/* End PBXFrameworksBuildPhase section */

/* Begin PBXGroup section */
		529718D41B9AD43200B8E1F2 = {
			isa = PBXGroup;
			children = (
				52FFFC641BA3314100A2AE99 /* Classes */,
				529718DF1B9AD43200B8E1F2 /* iOSFileManager */,
				529718DE1B9AD43200B8E1F2 /* Products */,
				B22CE44B56A597628249ADDB /* Pods */,
				C5C540F701DEE0CB48A767EF /* Frameworks */,
			);
			sourceTree = "<group>";
		};
		529718DE1B9AD43200B8E1F2 /* Products */ = {
			isa = PBXGroup;
			children = (
				529718DD1B9AD43200B8E1F2 /* iOSFileManager.app */,
			);
			name = Products;
			sourceTree = "<group>";
		};
		529718DF1B9AD43200B8E1F2 /* iOSFileManager */ = {
			isa = PBXGroup;
			children = (
				529718E41B9AD43200B8E1F2 /* AppDelegate.h */,
				529718E51B9AD43200B8E1F2 /* AppDelegate.m */,
				529718E71B9AD43200B8E1F2 /* ViewController.h */,
				529718E81B9AD43200B8E1F2 /* ViewController.m */,
				529718EA1B9AD43200B8E1F2 /* Main.storyboard */,
				529718ED1B9AD43200B8E1F2 /* Images.xcassets */,
				529718EF1B9AD43200B8E1F2 /* LaunchScreen.xib */,
				529718E01B9AD43200B8E1F2 /* Supporting Files */,
			);
			path = iOSFileManager;
			sourceTree = "<group>";
		};
		529718E01B9AD43200B8E1F2 /* Supporting Files */ = {
			isa = PBXGroup;
			children = (
				529718E11B9AD43200B8E1F2 /* Info.plist */,
				529718E21B9AD43200B8E1F2 /* main.m */,
			);
			name = "Supporting Files";
			sourceTree = "<group>";
		};
		52FFFC641BA3314100A2AE99 /* Classes */ = {
			isa = PBXGroup;
			children = (
				5203C8B71BA5DCE20085A2FE /* IFMDebugTool.bundle */,
				52FFFC661BA3314100A2AE99 /* IFMDowloadFileResponse.h */,
				52FFFC671BA3314100A2AE99 /* IFMDowloadFileResponse.m */,
				52FFFC681BA3314100A2AE99 /* IFMFileListConnection.h */,
				52FFFC691BA3314100A2AE99 /* IFMFileListConnection.m */,
				52FFFC6A1BA3314100A2AE99 /* IFMHTTPConfig.h */,
				52FFFC6B1BA3314100A2AE99 /* IFMHTTPConfig.m */,
				52FFFC6C1BA3314100A2AE99 /* IFMHTTPServer.h */,
				52FFFC6D1BA3314100A2AE99 /* IFMHTTPServer.m */,
				52FFFC6E1BA3314100A2AE99 /* IFMDebugTool.h */,
				52FFFC6F1BA3314100A2AE99 /* IFMDebugTool.m */,
				52E81CF51BA34B030032461B /* UIApplication+IFM.h */,
				52E81CF61BA34B030032461B /* UIApplication+IFM.m */,
			);
			path = Classes;
			sourceTree = "<group>";
		};
		B22CE44B56A597628249ADDB /* Pods */ = {
			isa = PBXGroup;
			children = (
				DEAA4E3FE545F78E95BF8467 /* Pods.debug.xcconfig */,
				35D09A22F863F933F8C42436 /* Pods.release.xcconfig */,
			);
			name = Pods;
			sourceTree = "<group>";
		};
		C5C540F701DEE0CB48A767EF /* Frameworks */ = {
			isa = PBXGroup;
			children = (
				88FC9120996E442A1DE21485 /* libPods.a */,
			);
			name = Frameworks;
			sourceTree = "<group>";
		};
/* End PBXGroup section */

/* Begin PBXNativeTarget section */
		529718DC1B9AD43200B8E1F2 /* iOSFileManager */ = {
			isa = PBXNativeTarget;
			buildConfigurationList = 529719001B9AD43200B8E1F2 /* Build configuration list for PBXNativeTarget "iOSFileManager" */;
			buildPhases = (
				FB9E9DB635887086620125D1 /* Check Pods Manifest.lock */,
				529718D91B9AD43200B8E1F2 /* Sources */,
				529718DA1B9AD43200B8E1F2 /* Frameworks */,
				529718DB1B9AD43200B8E1F2 /* Resources */,
				B53F2FB8F09F06D69BA7A5CF /* Copy Pods Resources */,
				529B7BE91B9C9F64003A8446 /* ShellScript */,
			);
			buildRules = (
			);
			dependencies = (
			);
			name = iOSFileManager;
			productName = iOSFileManager;
			productReference = 529718DD1B9AD43200B8E1F2 /* iOSFileManager.app */;
			productType = "com.apple.product-type.application";
		};
/* End PBXNativeTarget section */

/* Begin PBXProject section */
		529718D51B9AD43200B8E1F2 /* Project object */ = {
			isa = PBXProject;
			attributes = {
				CLASSPREFIX = IFM;
				LastUpgradeCheck = 0640;
				ORGANIZATIONNAME = "John Wong";
				TargetAttributes = {
					529718DC1B9AD43200B8E1F2 = {
						CreatedOnToolsVersion = 6.4;
					};
				};
			};
			buildConfigurationList = 529718D81B9AD43200B8E1F2 /* Build configuration list for PBXProject "iOSFileManager" */;
			compatibilityVersion = "Xcode 3.2";
			developmentRegion = English;
			hasScannedForEncodings = 0;
			knownRegions = (
				en,
				Base,
			);
			mainGroup = 529718D41B9AD43200B8E1F2;
			productRefGroup = 529718DE1B9AD43200B8E1F2 /* Products */;
			projectDirPath = "";
			projectRoot = "";
			targets = (
				529718DC1B9AD43200B8E1F2 /* iOSFileManager */,
			);
		};
/* End PBXProject section */

/* Begin PBXResourcesBuildPhase section */
		529718DB1B9AD43200B8E1F2 /* Resources */ = {
			isa = PBXResourcesBuildPhase;
			buildActionMask = 2147483647;
			files = (
				5203C8B81BA5DCE20085A2FE /* IFMDebugTool.bundle in Resources */,
				529718F11B9AD43200B8E1F2 /* LaunchScreen.xib in Resources */,
				529718EC1B9AD43200B8E1F2 /* Main.storyboard in Resources */,
				529718EE1B9AD43200B8E1F2 /* Images.xcassets in Resources */,
			);
			runOnlyForDeploymentPostprocessing = 0;
		};
/* End PBXResourcesBuildPhase section */

/* Begin PBXShellScriptBuildPhase section */
		529B7BE91B9C9F64003A8446 /* ShellScript */ = {
			isa = PBXShellScriptBuildPhase;
			buildActionMask = 8;
			files = (
			);
			inputPaths = (
			);
			outputPaths = (
			);
			runOnlyForDeploymentPostprocessing = 1;
			shellPath = /bin/sh;
			shellScript = "\"${SRCROOT}/Scripts/fbwatch.sh\"";
		};
		B53F2FB8F09F06D69BA7A5CF /* Copy Pods Resources */ = {
			isa = PBXShellScriptBuildPhase;
			buildActionMask = 2147483647;
			files = (
			);
			inputPaths = (
			);
			name = "Copy Pods Resources";
			outputPaths = (
			);
			runOnlyForDeploymentPostprocessing = 0;
			shellPath = /bin/sh;
			shellScript = "\"${SRCROOT}/Pods/Target Support Files/Pods/Pods-resources.sh\"\n";
			showEnvVarsInLog = 0;
		};
		FB9E9DB635887086620125D1 /* Check Pods Manifest.lock */ = {
			isa = PBXShellScriptBuildPhase;
			buildActionMask = 2147483647;
			files = (
			);
			inputPaths = (
			);
			name = "Check Pods Manifest.lock";
			outputPaths = (
			);
			runOnlyForDeploymentPostprocessing = 0;
			shellPath = /bin/sh;
			shellScript = "diff \"${PODS_ROOT}/../Podfile.lock\" \"${PODS_ROOT}/Manifest.lock\" > /dev/null\nif [[ $? != 0 ]] ; then\n    cat << EOM\nerror: The sandbox is not in sync with the Podfile.lock. Run 'pod install' or update your CocoaPods installation.\nEOM\n    exit 1\nfi\n";
			showEnvVarsInLog = 0;
		};
/* End PBXShellScriptBuildPhase section */

/* Begin PBXSourcesBuildPhase section */
		529718D91B9AD43200B8E1F2 /* Sources */ = {
			isa = PBXSourcesBuildPhase;
			buildActionMask = 2147483647;
			files = (
				52FFFC751BA3314100A2AE99 /* IFMDebugTool.m in Sources */,
				52FFFC711BA3314100A2AE99 /* IFMDowloadFileResponse.m in Sources */,
				52FFFC721BA3314100A2AE99 /* IFMFileListConnection.m in Sources */,
				52E81CF71BA34B030032461B /* UIApplication+IFM.m in Sources */,
				529718E91B9AD43200B8E1F2 /* ViewController.m in Sources */,
				529718E61B9AD43200B8E1F2 /* AppDelegate.m in Sources */,
				52FFFC731BA3314100A2AE99 /* IFMHTTPConfig.m in Sources */,
				529718E31B9AD43200B8E1F2 /* main.m in Sources */,
				52FFFC741BA3314100A2AE99 /* IFMHTTPServer.m in Sources */,
			);
			runOnlyForDeploymentPostprocessing = 0;
		};
/* End PBXSourcesBuildPhase section */

/* Begin PBXVariantGroup section */
		529718EA1B9AD43200B8E1F2 /* Main.storyboard */ = {
			isa = PBXVariantGroup;
			children = (
				529718EB1B9AD43200B8E1F2 /* Base */,
			);
			name = Main.storyboard;
			sourceTree = "<group>";
		};
		529718EF1B9AD43200B8E1F2 /* LaunchScreen.xib */ = {
			isa = PBXVariantGroup;
			children = (
				529718F01B9AD43200B8E1F2 /* Base */,
			);
			name = LaunchScreen.xib;
			sourceTree = "<group>";
		};
/* End PBXVariantGroup section */

/* Begin XCBuildConfiguration section */
		529718FE1B9AD43200B8E1F2 /* Debug */ = {
			isa = XCBuildConfiguration;
			buildSettings = {
				ALWAYS_SEARCH_USER_PATHS = NO;
				CLANG_CXX_LANGUAGE_STANDARD = "gnu++0x";
				CLANG_CXX_LIBRARY = "libc++";
				CLANG_ENABLE_MODULES = YES;
				CLANG_ENABLE_OBJC_ARC = YES;
				CLANG_WARN_BOOL_CONVERSION = YES;
				CLANG_WARN_CONSTANT_CONVERSION = YES;
				CLANG_WARN_DIRECT_OBJC_ISA_USAGE = YES_ERROR;
				CLANG_WARN_EMPTY_BODY = YES;
				CLANG_WARN_ENUM_CONVERSION = YES;
				CLANG_WARN_INT_CONVERSION = YES;
				CLANG_WARN_OBJC_ROOT_CLASS = YES_ERROR;
				CLANG_WARN_UNREACHABLE_CODE = YES;
				CLANG_WARN__DUPLICATE_METHOD_MATCH = YES;
				"CODE_SIGN_IDENTITY[sdk=iphoneos*]" = "iPhone Developer";
				COPY_PHASE_STRIP = NO;
				DEBUG_INFORMATION_FORMAT = "dwarf-with-dsym";
				ENABLE_STRICT_OBJC_MSGSEND = YES;
				GCC_C_LANGUAGE_STANDARD = gnu99;
				GCC_DYNAMIC_NO_PIC = NO;
				GCC_NO_COMMON_BLOCKS = YES;
				GCC_OPTIMIZATION_LEVEL = 0;
				GCC_PREPROCESSOR_DEFINITIONS = (
					"DEBUG=1",
					"$(inherited)",
				);
				GCC_SYMBOLS_PRIVATE_EXTERN = NO;
				GCC_WARN_64_TO_32_BIT_CONVERSION = YES;
				GCC_WARN_ABOUT_RETURN_TYPE = YES_ERROR;
				GCC_WARN_UNDECLARED_SELECTOR = YES;
				GCC_WARN_UNINITIALIZED_AUTOS = YES_AGGRESSIVE;
				GCC_WARN_UNUSED_FUNCTION = YES;
				GCC_WARN_UNUSED_VARIABLE = YES;
				IPHONEOS_DEPLOYMENT_TARGET = 8.4;
				MTL_ENABLE_DEBUG_INFO = YES;
				ONLY_ACTIVE_ARCH = YES;
				SDKROOT = iphoneos;
			};
			name = Debug;
		};
		529718FF1B9AD43200B8E1F2 /* Release */ = {
			isa = XCBuildConfiguration;
			buildSettings = {
				ALWAYS_SEARCH_USER_PATHS = NO;
				CLANG_CXX_LANGUAGE_STANDARD = "gnu++0x";
				CLANG_CXX_LIBRARY = "libc++";
				CLANG_ENABLE_MODULES = YES;
				CLANG_ENABLE_OBJC_ARC = YES;
				CLANG_WARN_BOOL_CONVERSION = YES;
				CLANG_WARN_CONSTANT_CONVERSION = YES;
				CLANG_WARN_DIRECT_OBJC_ISA_USAGE = YES_ERROR;
				CLANG_WARN_EMPTY_BODY = YES;
				CLANG_WARN_ENUM_CONVERSION = YES;
				CLANG_WARN_INT_CONVERSION = YES;
				CLANG_WARN_OBJC_ROOT_CLASS = YES_ERROR;
				CLANG_WARN_UNREACHABLE_CODE = YES;
				CLANG_WARN__DUPLICATE_METHOD_MATCH = YES;
				"CODE_SIGN_IDENTITY[sdk=iphoneos*]" = "iPhone Developer";
				COPY_PHASE_STRIP = NO;
				DEBUG_INFORMATION_FORMAT = "dwarf-with-dsym";
				ENABLE_NS_ASSERTIONS = NO;
				ENABLE_STRICT_OBJC_MSGSEND = YES;
				GCC_C_LANGUAGE_STANDARD = gnu99;
				GCC_NO_COMMON_BLOCKS = YES;
				GCC_WARN_64_TO_32_BIT_CONVERSION = YES;
				GCC_WARN_ABOUT_RETURN_TYPE = YES_ERROR;
				GCC_WARN_UNDECLARED_SELECTOR = YES;
				GCC_WARN_UNINITIALIZED_AUTOS = YES_AGGRESSIVE;
				GCC_WARN_UNUSED_FUNCTION = YES;
				GCC_WARN_UNUSED_VARIABLE = YES;
				IPHONEOS_DEPLOYMENT_TARGET = 8.4;
				MTL_ENABLE_DEBUG_INFO = NO;
				SDKROOT = iphoneos;
				VALIDATE_PRODUCT = YES;
			};
			name = Release;
		};
		529719011B9AD43200B8E1F2 /* Debug */ = {
			isa = XCBuildConfiguration;
			baseConfigurationReference = DEAA4E3FE545F78E95BF8467 /* Pods.debug.xcconfig */;
			buildSettings = {
				ASSETCATALOG_COMPILER_APPICON_NAME = AppIcon;
				INFOPLIST_FILE = iOSFileManager/Info.plist;
				IPHONEOS_DEPLOYMENT_TARGET = 6.1;
				LD_RUNPATH_SEARCH_PATHS = "$(inherited) @executable_path/Frameworks";
				PRODUCT_NAME = "$(TARGET_NAME)";
			};
			name = Debug;
		};
		529719021B9AD43200B8E1F2 /* Release */ = {
			isa = XCBuildConfiguration;
			baseConfigurationReference = 35D09A22F863F933F8C42436 /* Pods.release.xcconfig */;
			buildSettings = {
				ASSETCATALOG_COMPILER_APPICON_NAME = AppIcon;
				INFOPLIST_FILE = iOSFileManager/Info.plist;
				IPHONEOS_DEPLOYMENT_TARGET = 6.1;
				LD_RUNPATH_SEARCH_PATHS = "$(inherited) @executable_path/Frameworks";
				PRODUCT_NAME = "$(TARGET_NAME)";
			};
			name = Release;
		};
/* End XCBuildConfiguration section */

/* Begin XCConfigurationList section */
		529718D81B9AD43200B8E1F2 /* Build configuration list for PBXProject "iOSFileManager" */ = {
			isa = XCConfigurationList;
			buildConfigurations = (
				529718FE1B9AD43200B8E1F2 /* Debug */,
				529718FF1B9AD43200B8E1F2 /* Release */,
			);
			defaultConfigurationIsVisible = 0;
			defaultConfigurationName = Release;
		};
		529719001B9AD43200B8E1F2 /* Build configuration list for PBXNativeTarget "iOSFileManager" */ = {
			isa = XCConfigurationList;
			buildConfigurations = (
				529719011B9AD43200B8E1F2 /* Debug */,
				529719021B9AD43200B8E1F2 /* Release */,
			);
			defaultConfigurationIsVisible = 0;
			defaultConfigurationName = Release;
		};
/* End XCConfigurationList section */
	};
	rootObject = 529718D51B9AD43200B8E1F2 /* Project object */;
}
